
Microsoft Visual Studio Solution File, Format Version 12.00
# Visual Studio Version 16
VisualStudioVersion = 16.0.31019.35
MinimumVisualStudioVersion = 10.0.40219.1
Project("{FAE04EC0-301F-11D3-BF4B-00C04F79EFBC}") = "AnimalsForm", "AnimalsForm\AnimalsForm.csproj", "{3EE74B04-9179-4AC9-B0A6-9E5A2F2206DC}"
EndProject
Global
	GlobalSection(SolutionConfigurationPlatforms) = preSolution
		Debug|Any CPU = Debug|Any CPU
		Release|Any CPU = Release|Any CPU
	EndGlobalSection
	GlobalSection(ProjectConfigurationPlatforms) = postSolution
		{3EE74B04-9179-4AC9-B0A6-9E5A2F2206DC}.Debug|Any CPU.ActiveCfg = Debug|Any CPU
		{3EE74B04-9179-4AC9-B0A6-9E5A2F2206DC}.Debug|Any CPU.Build.0 = Debug|Any CPU
		{3EE74B04-9179-4AC9-B0A6-9E5A2F2206DC}.Release|Any CPU.ActiveCfg = Release|Any CPU
		{3EE74B04-9179-4AC9-B0A6-9E5A2F2206DC}.Release|Any CPU.Build.0 = Release|Any CPU
	EndGlobalSection
	GlobalSection(SolutionProperties) = preSolution
		HideSolutionNode = FALSE
	EndGlobalSection
	GlobalSection(ExtensibilityGlobals) = postSolution
		SolutionGuid = {374A6057-B21C-4F72-BD19-EE577586C6BF}
	EndGlobalSection
EndGlobal
